<?xml version="1.0" encoding="utf-8"?>
<Project ToolsVersion="4.0" xmlns="http://schemas.microsoft.com/developer/msbuild/2003">
  <ItemGroup>
    <ClCompile Include="MKedit.cpp" />
    <ClCompile Include="Config.cpp" />
    <ClCompile Include="Import\MkConfGen.cpp">
      <Filter>Import</Filter>
    </ClCompile>
    <ClCompile Include="Generated\ConfigGen.cpp">
      <Filter>Generated</Filter>
    </ClCompile>
    <ClCompile Include="Import\MkString.cpp">
      <Filter>Import</Filter>
    </ClCompile>
    <ClCompile Include="Base.cpp" />
    <ClCompile Include="Import\MkList.cpp">
      <Filter>Import</Filter>
    </ClCompile>
  </ItemGroup>
  <ItemGroup>
    <Filter Include="Import">
      <UniqueIdentifier>{b9709587-f700-472a-8ce9-431457bff888}</UniqueIdentifier>
    </Filter>
    <Filter Include="Generated">
      <UniqueIdentifier>{6bf9d11a-7661-44ba-85dc-85f9512cce16}</UniqueIdentifier>
    </Filter>
  </ItemGroup>
  <ItemGroup>
    <ClInclude Include="Import\MkConfGen.h">
      <Filter>Import</Filter>
    </ClInclude>
    <ClInclude Include="Generated\ConfigGen.h">
      <Filter>Generated</Filter>
    </ClInclude>
    <ClInclude Include="Import\MkString.h">
      <Filter>Import</Filter>
    </ClInclude>
    <ClInclude Include="Base.h" />
    <ClInclude Include="Import\MkList.h">
      <Filter>Import</Filter>
    </ClInclude>
  </ItemGroup>
</Project>